
Microsoft Visual Studio Solution File, Format Version 12.00
# Visual Studio Version 17
VisualStudioVersion = 17.4.33205.214
MinimumVisualStudioVersion = 10.0.40219.1
Project("{9A19103F-16F7-4668-BE54-9A1E7A4F7556}") = "GauranteedRateApi", "GauranteedRateApi\GauranteedRateApi.csproj", "{984349AE-F4C8-4086-9106-13E377D59E79}"
EndProject
Project("{FAE04EC0-301F-11D3-BF4B-00C04F79EFBC}") = "GuaranteedRateApiTests", "GuaranteedRateApiTests\GuaranteedRateApiTests.csproj", "{E7FDDD07-7EB9-4FE2-AD3D-CD44ADE2E62B}"
EndProject
Global
	GlobalSection(SolutionConfigurationPlatforms) = preSolution
		Debug|Any CPU = Debug|Any CPU
		Release|Any CPU = Release|Any CPU
	EndGlobalSection
	GlobalSection(ProjectConfigurationPlatforms) = postSolution
		{984349AE-F4C8-4086-9106-13E377D59E79}.Debug|Any CPU.ActiveCfg = Debug|Any CPU
		{984349AE-F4C8-4086-9106-13E377D59E79}.Debug|Any CPU.Build.0 = Debug|Any CPU
		{984349AE-F4C8-4086-9106-13E377D59E79}.Release|Any CPU.ActiveCfg = Release|Any CPU
		{984349AE-F4C8-4086-9106-13E377D59E79}.Release|Any CPU.Build.0 = Release|Any CPU
		{E7FDDD07-7EB9-4FE2-AD3D-CD44ADE2E62B}.Debug|Any CPU.ActiveCfg = Debug|Any CPU
		{E7FDDD07-7EB9-4FE2-AD3D-CD44ADE2E62B}.Debug|Any CPU.Build.0 = Debug|Any CPU
		{E7FDDD07-7EB9-4FE2-AD3D-CD44ADE2E62B}.Release|Any CPU.ActiveCfg = Release|Any CPU
		{E7FDDD07-7EB9-4FE2-AD3D-CD44ADE2E62B}.Release|Any CPU.Build.0 = Release|Any CPU
	EndGlobalSection
	GlobalSection(SolutionProperties) = preSolution
		HideSolutionNode = FALSE
	EndGlobalSection
	GlobalSection(ExtensibilityGlobals) = postSolution
		SolutionGuid = {58948A5F-3602-448E-95B9-7322CE2D83C0}
	EndGlobalSection
EndGlobal
